
Microsoft Visual Studio Solution File, Format Version 12.00
# Visual Studio Version 17
VisualStudioVersion = 17.5.33516.290
MinimumVisualStudioVersion = 10.0.40219.1
Project("{2150E333-8FDC-42A3-9474-1A3956D46DE8}") = "Soultion Items", "Soultion Items", "{82FCDB17-B8D1-4126-BC54-01857278CD76}"
	ProjectSection(SolutionItems) = preProject
		.gitignore = .gitignore
		BlazorArchitecturePlan.txt = BlazorArchitecturePlan.txt
	EndProjectSection
EndProject
Project("{2150E333-8FDC-42A3-9474-1A3956D46DE8}") = "src", "src", "{30ABF1D5-6ED7-4B8C-BB7C-3BE626E3C58B}"
EndProject
Project("{2150E333-8FDC-42A3-9474-1A3956D46DE8}") = "Server", "Server", "{8EC0980B-E9C9-4142-86F5-5290DD811544}"
EndProject
Project("{2150E333-8FDC-42A3-9474-1A3956D46DE8}") = "Client", "Client", "{886BD883-E37C-48A4-87C1-EB7B4E8E5463}"
EndProject
Project("{9A19103F-16F7-4668-BE54-9A1E7A4F7556}") = "Client.Infrastructure", "src\Client.Infrastructure\Client.Infrastructure.csproj", "{E59D5674-E0D5-4BAA-9F83-8D21FFE718C1}"
EndProject
Project("{9A19103F-16F7-4668-BE54-9A1E7A4F7556}") = "Client.UI.Wasm", "src\Client.UI.Wasm\Client.UI.Wasm.csproj", "{99AB2FB4-19FC-4E3E-8A0E-414C1C77E6DC}"
EndProject
Project("{9A19103F-16F7-4668-BE54-9A1E7A4F7556}") = "Server.Domain", "src\Server.Domain\Server.Domain.csproj", "{56BE7C2C-DB7C-4B12-9277-56C056C1C6E7}"
EndProject
Project("{9A19103F-16F7-4668-BE54-9A1E7A4F7556}") = "Server.Application", "src\Server.Application\Server.Application.csproj", "{32604BE3-C7A9-4A97-9845-1E5D20983CDF}"
EndProject
Project("{9A19103F-16F7-4668-BE54-9A1E7A4F7556}") = "Server.Infrastructure", "src\Server.Infrastructure\Server.Infrastructure.csproj", "{674F32BB-63FE-4435-993E-55ABA4DB398D}"
EndProject
Project("{9A19103F-16F7-4668-BE54-9A1E7A4F7556}") = "Server.API", "src\Server.API\Server.API.csproj", "{A0F0B875-291E-4F0F-B886-18F80EE5F8C4}"
EndProject
Project("{2150E333-8FDC-42A3-9474-1A3956D46DE8}") = "Shared", "Shared", "{438A9E0E-36BC-4EF0-B9E6-26DD8AD1153B}"
EndProject
Project("{FAE04EC0-301F-11D3-BF4B-00C04F79EFBC}") = "Shared", "Shared\Shared.csproj", "{493661DF-B072-4926-BDB8-13475155B1FF}"
EndProject
Global
	GlobalSection(SolutionConfigurationPlatforms) = preSolution
		Debug|Any CPU = Debug|Any CPU
		Release|Any CPU = Release|Any CPU
	EndGlobalSection
	GlobalSection(ProjectConfigurationPlatforms) = postSolution
		{E59D5674-E0D5-4BAA-9F83-8D21FFE718C1}.Debug|Any CPU.ActiveCfg = Debug|Any CPU
		{E59D5674-E0D5-4BAA-9F83-8D21FFE718C1}.Debug|Any CPU.Build.0 = Debug|Any CPU
		{E59D5674-E0D5-4BAA-9F83-8D21FFE718C1}.Release|Any CPU.ActiveCfg = Release|Any CPU
		{E59D5674-E0D5-4BAA-9F83-8D21FFE718C1}.Release|Any CPU.Build.0 = Release|Any CPU
		{99AB2FB4-19FC-4E3E-8A0E-414C1C77E6DC}.Debug|Any CPU.ActiveCfg = Debug|Any CPU
		{99AB2FB4-19FC-4E3E-8A0E-414C1C77E6DC}.Debug|Any CPU.Build.0 = Debug|Any CPU
		{99AB2FB4-19FC-4E3E-8A0E-414C1C77E6DC}.Release|Any CPU.ActiveCfg = Release|Any CPU
		{99AB2FB4-19FC-4E3E-8A0E-414C1C77E6DC}.Release|Any CPU.Build.0 = Release|Any CPU
		{56BE7C2C-DB7C-4B12-9277-56C056C1C6E7}.Debug|Any CPU.ActiveCfg = Debug|Any CPU
		{56BE7C2C-DB7C-4B12-9277-56C056C1C6E7}.Debug|Any CPU.Build.0 = Debug|Any CPU
		{56BE7C2C-DB7C-4B12-9277-56C056C1C6E7}.Release|Any CPU.ActiveCfg = Release|Any CPU
		{56BE7C2C-DB7C-4B12-9277-56C056C1C6E7}.Release|Any CPU.Build.0 = Release|Any CPU
		{32604BE3-C7A9-4A97-9845-1E5D20983CDF}.Debug|Any CPU.ActiveCfg = Debug|Any CPU
		{32604BE3-C7A9-4A97-9845-1E5D20983CDF}.Debug|Any CPU.Build.0 = Debug|Any CPU
		{32604BE3-C7A9-4A97-9845-1E5D20983CDF}.Release|Any CPU.ActiveCfg = Release|Any CPU
		{32604BE3-C7A9-4A97-9845-1E5D20983CDF}.Release|Any CPU.Build.0 = Release|Any CPU
		{674F32BB-63FE-4435-993E-55ABA4DB398D}.Debug|Any CPU.ActiveCfg = Debug|Any CPU
		{674F32BB-63FE-4435-993E-55ABA4DB398D}.Debug|Any CPU.Build.0 = Debug|Any CPU
		{674F32BB-63FE-4435-993E-55ABA4DB398D}.Release|Any CPU.ActiveCfg = Release|Any CPU
		{674F32BB-63FE-4435-993E-55ABA4DB398D}.Release|Any CPU.Build.0 = Release|Any CPU
		{A0F0B875-291E-4F0F-B886-18F80EE5F8C4}.Debug|Any CPU.ActiveCfg = Debug|Any CPU
		{A0F0B875-291E-4F0F-B886-18F80EE5F8C4}.Debug|Any CPU.Build.0 = Debug|Any CPU
		{A0F0B875-291E-4F0F-B886-18F80EE5F8C4}.Release|Any CPU.ActiveCfg = Release|Any CPU
		{A0F0B875-291E-4F0F-B886-18F80EE5F8C4}.Release|Any CPU.Build.0 = Release|Any CPU
		{493661DF-B072-4926-BDB8-13475155B1FF}.Debug|Any CPU.ActiveCfg = Debug|Any CPU
		{493661DF-B072-4926-BDB8-13475155B1FF}.Debug|Any CPU.Build.0 = Debug|Any CPU
		{493661DF-B072-4926-BDB8-13475155B1FF}.Release|Any CPU.ActiveCfg = Release|Any CPU
		{493661DF-B072-4926-BDB8-13475155B1FF}.Release|Any CPU.Build.0 = Release|Any CPU
	EndGlobalSection
	GlobalSection(SolutionProperties) = preSolution
		HideSolutionNode = FALSE
	EndGlobalSection
	GlobalSection(NestedProjects) = preSolution
		{8EC0980B-E9C9-4142-86F5-5290DD811544} = {30ABF1D5-6ED7-4B8C-BB7C-3BE626E3C58B}
		{886BD883-E37C-48A4-87C1-EB7B4E8E5463} = {30ABF1D5-6ED7-4B8C-BB7C-3BE626E3C58B}
		{E59D5674-E0D5-4BAA-9F83-8D21FFE718C1} = {886BD883-E37C-48A4-87C1-EB7B4E8E5463}
		{99AB2FB4-19FC-4E3E-8A0E-414C1C77E6DC} = {886BD883-E37C-48A4-87C1-EB7B4E8E5463}
		{56BE7C2C-DB7C-4B12-9277-56C056C1C6E7} = {8EC0980B-E9C9-4142-86F5-5290DD811544}
		{32604BE3-C7A9-4A97-9845-1E5D20983CDF} = {8EC0980B-E9C9-4142-86F5-5290DD811544}
		{674F32BB-63FE-4435-993E-55ABA4DB398D} = {8EC0980B-E9C9-4142-86F5-5290DD811544}
		{A0F0B875-291E-4F0F-B886-18F80EE5F8C4} = {8EC0980B-E9C9-4142-86F5-5290DD811544}
		{438A9E0E-36BC-4EF0-B9E6-26DD8AD1153B} = {30ABF1D5-6ED7-4B8C-BB7C-3BE626E3C58B}
		{493661DF-B072-4926-BDB8-13475155B1FF} = {438A9E0E-36BC-4EF0-B9E6-26DD8AD1153B}
	EndGlobalSection
	GlobalSection(ExtensibilityGlobals) = postSolution
		SolutionGuid = {2B47A2BF-BD2D-49D6-B18D-DBA902A456B1}
	EndGlobalSection
EndGlobal
